
Microsoft Visual Studio Solution File, Format Version 12.00
# Visual Studio 15
VisualStudioVersion = 15.0.27130.2024
MinimumVisualStudioVersion = 10.0.40219.1
Project("{9A19103F-16F7-4668-BE54-9A1E7A4F7556}") = "Derungsoft.WolSharp.WebApi", "Derungsoft.WolSharp.WebApi\Derungsoft.WolSharp.WebApi.csproj", "{43869330-7363-4DB1-8204-E0B03DD68E22}"
EndProject
Project("{E53339B2-1760-4266-BCC7-CA923CBCF16C}") = "docker-compose", "docker-compose.dcproj", "{6743BE66-E751-4C42-8B6E-C8D345FEBAD2}"
EndProject
Global
	GlobalSection(SolutionConfigurationPlatforms) = preSolution
		Debug|Any CPU = Debug|Any CPU
		Release|Any CPU = Release|Any CPU
	EndGlobalSection
	GlobalSection(ProjectConfigurationPlatforms) = postSolution
		{43869330-7363-4DB1-8204-E0B03DD68E22}.Debug|Any CPU.ActiveCfg = Debug|Any CPU
		{43869330-7363-4DB1-8204-E0B03DD68E22}.Debug|Any CPU.Build.0 = Debug|Any CPU
		{43869330-7363-4DB1-8204-E0B03DD68E22}.Release|Any CPU.ActiveCfg = Release|Any CPU
		{43869330-7363-4DB1-8204-E0B03DD68E22}.Release|Any CPU.Build.0 = Release|Any CPU
		{6743BE66-E751-4C42-8B6E-C8D345FEBAD2}.Debug|Any CPU.ActiveCfg = Debug|Any CPU
		{6743BE66-E751-4C42-8B6E-C8D345FEBAD2}.Debug|Any CPU.Build.0 = Debug|Any CPU
		{6743BE66-E751-4C42-8B6E-C8D345FEBAD2}.Release|Any CPU.ActiveCfg = Release|Any CPU
		{6743BE66-E751-4C42-8B6E-C8D345FEBAD2}.Release|Any CPU.Build.0 = Release|Any CPU
	EndGlobalSection
	GlobalSection(SolutionProperties) = preSolution
		HideSolutionNode = FALSE
	EndGlobalSection
	GlobalSection(ExtensibilityGlobals) = postSolution
		SolutionGuid = {182FB2D5-37AF-47B5-B025-99EDA50EFC45}
	EndGlobalSection
EndGlobal
